<?xml version="1.0" encoding="utf-8"?>
<Project ToolsVersion="4.0" xmlns="http://schemas.microsoft.com/developer/msbuild/2003">
  <ItemGroup>
    <Filter Include="Файлы исходного кода">
      <UniqueIdentifier>{4FC737F1-C7A5-4376-A066-2A32D752A2FF}</UniqueIdentifier>
      <Extensions>cpp;c;cc;cxx;def;odl;idl;hpj;bat;asm;asmx</Extensions>
    </Filter>
    <Filter Include="Заголовочные файлы">
      <UniqueIdentifier>{93995380-89BD-4b04-88EB-625FBE52EBFB}</UniqueIdentifier>
      <Extensions>h;hh;hpp;hxx;hm;inl;inc;xsd</Extensions>
    </Filter>
    <Filter Include="Файлы ресурсов">
      <UniqueIdentifier>{67DA6AB6-F800-4c08-8B7A-83BB121AAD01}</UniqueIdentifier>
      <Extensions>rc;ico;cur;bmp;dlg;rc2;rct;bin;rgs;gif;jpg;jpeg;jpe;resx;tiff;tif;png;wav;mfcribbon-ms</Extensions>
    </Filter>
    <Filter Include="Core">
      <UniqueIdentifier>{31137f15-3ead-4141-b4bf-89dbc6a30437}</UniqueIdentifier>
    </Filter>
    <Filter Include="View">
      <UniqueIdentifier>{6c8000d5-90b7-4499-8602-898a4abdd676}</UniqueIdentifier>
    </Filter>
    <Filter Include="Utils">
      <UniqueIdentifier>{83563279-905a-4020-a390-75567aa58dbb}</UniqueIdentifier>
    </Filter>
  </ItemGroup>
  <ItemGroup>
    <ClInclude Include="Header.h">
      <Filter>Заголовочные файлы</Filter>
    </ClInclude>
    <ClInclude Include="AllegroHeader.h">
      <Filter>View</Filter>
    </ClInclude>
    <ClInclude Include="BaseView.h">
      <Filter>View</Filter>
    </ClInclude>
    <ClInclude Include="AllegroCore.h">
      <Filter>View</Filter>
    </ClInclude>
    <ClInclude Include="MainMenuView.h">
      <Filter>View</Filter>
    </ClInclude>
    <ClInclude Include="Vector2d.h">
      <Filter>Utils</Filter>
    </ClInclude>
    <ClInclude Include="AboutView.h">
      <Filter>View</Filter>
    </ClInclude>
    <ClInclude Include="GameView.h">
      <Filter>View</Filter>
    </ClInclude>
    <ClInclude Include="Bullet.h">
      <Filter>Core</Filter>
    </ClInclude>
    <ClInclude Include="EnemyTank.h">
      <Filter>Core</Filter>
    </ClInclude>
    <ClInclude Include="GameObject.h">
      <Filter>Core</Filter>
    </ClInclude>
    <ClInclude Include="Movable.h">
      <Filter>Core</Filter>
    </ClInclude>
    <ClInclude Include="PlayerTank.h">
      <Filter>Core</Filter>
    </ClInclude>
    <ClInclude Include="Tank.h">
      <Filter>Core</Filter>
    </ClInclude>
    <ClInclude Include="CoreEnumeration.h">
      <Filter>Core</Filter>
    </ClInclude>
    <ClInclude Include="SpriteContainer.h">
      <Filter>View</Filter>
    </ClInclude>
    <ClInclude Include="Environment.h">
      <Filter>Core</Filter>
    </ClInclude>
    <ClInclude Include="Ground.h">
      <Filter>Core</Filter>
    </ClInclude>
    <ClInclude Include="Level.h">
      <Filter>Core</Filter>
    </ClInclude>
    <ClInclude Include="KeyboardController.h">
      <Filter>View</Filter>
    </ClInclude>
  </ItemGroup>
  <ItemGroup>
    <ClCompile Include="Source.cpp">
      <Filter>Файлы исходного кода</Filter>
    </ClCompile>
    <ClCompile Include="BaseView.cpp">
      <Filter>View</Filter>
    </ClCompile>
    <ClCompile Include="AllegroCore.cpp">
      <Filter>View</Filter>
    </ClCompile>
    <ClCompile Include="MainMenuView.cpp">
      <Filter>View</Filter>
    </ClCompile>
    <ClCompile Include="Vector2d.cpp">
      <Filter>Utils</Filter>
    </ClCompile>
    <ClCompile Include="AboutView.cpp">
      <Filter>View</Filter>
    </ClCompile>
    <ClCompile Include="GameView.cpp">
      <Filter>View</Filter>
    </ClCompile>
    <ClCompile Include="Bullet.cpp">
      <Filter>Core</Filter>
    </ClCompile>
    <ClCompile Include="EnemyTank.cpp">
      <Filter>Core</Filter>
    </ClCompile>
    <ClCompile Include="GameObject.cpp">
      <Filter>Core</Filter>
    </ClCompile>
    <ClCompile Include="Movable.cpp">
      <Filter>Core</Filter>
    </ClCompile>
    <ClCompile Include="PlayerTank.cpp">
      <Filter>Core</Filter>
    </ClCompile>
    <ClCompile Include="Tank.cpp">
      <Filter>Core</Filter>
    </ClCompile>
    <ClCompile Include="SpriteContainer.cpp">
      <Filter>View</Filter>
    </ClCompile>
    <ClCompile Include="Environment.cpp">
      <Filter>Core</Filter>
    </ClCompile>
    <ClCompile Include="Ground.cpp">
      <Filter>Core</Filter>
    </ClCompile>
    <ClCompile Include="Level.cpp">
      <Filter>Core</Filter>
    </ClCompile>
    <ClCompile Include="KeyboardController.cpp">
      <Filter>View</Filter>
    </ClCompile>
  </ItemGroup>
  <ItemGroup>
    <None Include="packages.config" />
  </ItemGroup>
</Project>